// !$*UTF8*$!
{
	archiveVersion = 1;
	classes = {
	};
	objectVersion = 50;
	objects = {

/* Begin PBXBuildFile section */
		165B9F8C2145821D0006ACC8 /* AppDelegate.swift in Sources */ = {isa = PBXBuildFile; fileRef = 165B9F8B2145821D0006ACC8 /* AppDelegate.swift */; };
		165B9F8E2145821D0006ACC8 /* ViewController.swift in Sources */ = {isa = PBXBuildFile; fileRef = 165B9F8D2145821D0006ACC8 /* ViewController.swift */; };
		165B9F912145821D0006ACC8 /* Main.storyboard in Resources */ = {isa = PBXBuildFile; fileRef = 165B9F8F2145821D0006ACC8 /* Main.storyboard */; };
		165B9F942145821D0006ACC8 /* Tut_tfIcon.xcdatamodeld in Sources */ = {isa = PBXBuildFile; fileRef = 165B9F922145821D0006ACC8 /* Tut_tfIcon.xcdatamodeld */; };
		165B9F962145821E0006ACC8 /* Assets.xcassets in Resources */ = {isa = PBXBuildFile; fileRef = 165B9F952145821E0006ACC8 /* Assets.xcassets */; };
		165B9F992145821E0006ACC8 /* LaunchScreen.storyboard in Resources */ = {isa = PBXBuildFile; fileRef = 165B9F972145821E0006ACC8 /* LaunchScreen.storyboard */; };
/* End PBXBuildFile section */

/* Begin PBXFileReference section */
		165B9F882145821D0006ACC8 /* Tut_tfIcon.app */ = {isa = PBXFileReference; explicitFileType = wrapper.application; includeInIndex = 0; path = Tut_tfIcon.app; sourceTree = BUILT_PRODUCTS_DIR; };
		165B9F8B2145821D0006ACC8 /* AppDelegate.swift */ = {isa = PBXFileReference; lastKnownFileType = sourcecode.swift; path = AppDelegate.swift; sourceTree = "<group>"; };
		165B9F8D2145821D0006ACC8 /* ViewController.swift */ = {isa = PBXFileReference; lastKnownFileType = sourcecode.swift; path = ViewController.swift; sourceTree = "<group>"; };
		165B9F902145821D0006ACC8 /* Base */ = {isa = PBXFileReference; lastKnownFileType = file.storyboard; name = Base; path = Base.lproj/Main.storyboard; sourceTree = "<group>"; };
		165B9F932145821D0006ACC8 /* Tut_tfIcon.xcdatamodel */ = {isa = PBXFileReference; lastKnownFileType = wrapper.xcdatamodel; path = Tut_tfIcon.xcdatamodel; sourceTree = "<group>"; };
		165B9F952145821E0006ACC8 /* Assets.xcassets */ = {isa = PBXFileReference; lastKnownFileType = folder.assetcatalog; path = Assets.xcassets; sourceTree = "<group>"; };
		165B9F982145821E0006ACC8 /* Base */ = {isa = PBXFileReference; lastKnownFileType = file.storyboard; name = Base; path = Base.lproj/LaunchScreen.storyboard; sourceTree = "<group>"; };
		165B9F9A2145821E0006ACC8 /* Info.plist */ = {isa = PBXFileReference; lastKnownFileType = text.plist.xml; path = Info.plist; sourceTree = "<group>"; };
/* End PBXFileReference section */

/* Begin PBXFrameworksBuildPhase section */
		165B9F852145821D0006ACC8 /* Frameworks */ = {
			isa = PBXFrameworksBuildPhase;
			buildActionMask = 2147483647;
			files = (
			);
			runOnlyForDeploymentPostprocessing = 0;
		};
/* End PBXFrameworksBuildPhase section */

/* Begin PBXGroup section */
		165B9F7F2145821D0006ACC8 = {
			isa = PBXGroup;
			children = (
				165B9F8A2145821D0006ACC8 /* Tut_tfIcon */,
				165B9F892145821D0006ACC8 /* Products */,
			);
			sourceTree = "<group>";
		};
		165B9F892145821D0006ACC8 /* Products */ = {
			isa = PBXGroup;
			children = (
				165B9F882145821D0006ACC8 /* Tut_tfIcon.app */,
			);
			name = Products;
			sourceTree = "<group>";
		};
		165B9F8A2145821D0006ACC8 /* Tut_tfIcon */ = {
			isa = PBXGroup;
			children = (
				165B9F8B2145821D0006ACC8 /* AppDelegate.swift */,
				165B9F8D2145821D0006ACC8 /* ViewController.swift */,
				165B9F8F2145821D0006ACC8 /* Main.storyboard */,
				165B9F952145821E0006ACC8 /* Assets.xcassets */,
				165B9F972145821E0006ACC8 /* LaunchScreen.storyboard */,
				165B9F9A2145821E0006ACC8 /* Info.plist */,
				165B9F922145821D0006ACC8 /* Tut_tfIcon.xcdatamodeld */,
			);
			path = Tut_tfIcon;
			sourceTree = "<group>";
		};
/* End PBXGroup section */

/* Begin PBXNativeTarget section */
		165B9F872145821D0006ACC8 /* Tut_tfIcon */ = {
			isa = PBXNativeTarget;
			buildConfigurationList = 165B9F9D2145821E0006ACC8 /* Build configuration list for PBXNativeTarget "Tut_tfIcon" */;
			buildPhases = (
				165B9F842145821D0006ACC8 /* Sources */,
				165B9F852145821D0006ACC8 /* Frameworks */,
				165B9F862145821D0006ACC8 /* Resources */,
			);
			buildRules = (
			);
			dependencies = (
			);
			name = Tut_tfIcon;
			productName = Tut_tfIcon;
			productReference = 165B9F882145821D0006ACC8 /* Tut_tfIcon.app */;
			productType = "com.apple.product-type.application";
		};
/* End PBXNativeTarget section */

/* Begin PBXProject section */
		165B9F802145821D0006ACC8 /* Project object */ = {
			isa = PBXProject;
			attributes = {
				LastSwiftUpdateCheck = 0940;
				LastUpgradeCheck = 0940;
				ORGANIZATIONNAME = "Eray Alparslan";
				TargetAttributes = {
					165B9F872145821D0006ACC8 = {
						CreatedOnToolsVersion = 9.4.1;
					};
				};
			};
			buildConfigurationList = 165B9F832145821D0006ACC8 /* Build configuration list for PBXProject "Tut_tfIcon" */;
			compatibilityVersion = "Xcode 9.3";
			developmentRegion = en;
			hasScannedForEncodings = 0;
			knownRegions = (
				en,
				Base,
			);
			mainGroup = 165B9F7F2145821D0006ACC8;
			productRefGroup = 165B9F892145821D0006ACC8 /* Products */;
			projectDirPath = "";
			projectRoot = "";
			targets = (
				165B9F872145821D0006ACC8 /* Tut_tfIcon */,
			);
		};
/* End PBXProject section */

/* Begin PBXResourcesBuildPhase section */
		165B9F862145821D0006ACC8 /* Resources */ = {
			isa = PBXResourcesBuildPhase;
			buildActionMask = 2147483647;
			files = (
				165B9F992145821E0006ACC8 /* LaunchScreen.storyboard in Resources */,
				165B9F962145821E0006ACC8 /* Assets.xcassets in Resources */,
				165B9F912145821D0006ACC8 /* Main.storyboard in Resources */,
			);
			runOnlyForDeploymentPostprocessing = 0;
		};
/* End PBXResourcesBuildPhase section */

/* Begin PBXSourcesBuildPhase section */
		165B9F842145821D0006ACC8 /* Sources */ = {
			isa = PBXSourcesBuildPhase;
			buildActionMask = 2147483647;
			files = (
				165B9F8E2145821D0006ACC8 /* ViewController.swift in Sources */,
				165B9F942145821D0006ACC8 /* Tut_tfIcon.xcdatamodeld in Sources */,
				165B9F8C2145821D0006ACC8 /* AppDelegate.swift in Sources */,
			);
			runOnlyForDeploymentPostprocessing = 0;
		};
/* End PBXSourcesBuildPhase section */

/* Begin PBXVariantGroup section */
		165B9F8F2145821D0006ACC8 /* Main.storyboard */ = {
			isa = PBXVariantGroup;
			children = (
				165B9F902145821D0006ACC8 /* Base */,
			);
			name = Main.storyboard;
			sourceTree = "<group>";
		};
		165B9F972145821E0006ACC8 /* LaunchScreen.storyboard */ = {
			isa = PBXVariantGroup;
			children = (
				165B9F982145821E0006ACC8 /* Base */,
			);
			name = LaunchScreen.storyboard;
			sourceTree = "<group>";
		};
/* End PBXVariantGroup section */

/* Begin XCBuildConfiguration section */
		165B9F9B2145821E0006ACC8 /* Debug */ = {
			isa = XCBuildConfiguration;
			buildSettings = {
				ALWAYS_SEARCH_USER_PATHS = NO;
				CLANG_ANALYZER_NONNULL = YES;
				CLANG_ANALYZER_NUMBER_OBJECT_CONVERSION = YES_AGGRESSIVE;
				CLANG_CXX_LANGUAGE_STANDARD = "gnu++14";
				CLANG_CXX_LIBRARY = "libc++";
				CLANG_ENABLE_MODULES = YES;
				CLANG_ENABLE_OBJC_ARC = YES;
				CLANG_ENABLE_OBJC_WEAK = YES;
				CLANG_WARN_BLOCK_CAPTURE_AUTORELEASING = YES;
				CLANG_WARN_BOOL_CONVERSION = YES;
				CLANG_WARN_COMMA = YES;
				CLANG_WARN_CONSTANT_CONVERSION = YES;
				CLANG_WARN_DEPRECATED_OBJC_IMPLEMENTATIONS = YES;
				CLANG_WARN_DIRECT_OBJC_ISA_USAGE = YES_ERROR;
				CLANG_WARN_DOCUMENTATION_COMMENTS = YES;
				CLANG_WARN_EMPTY_BODY = YES;
				CLANG_WARN_ENUM_CONVERSION = YES;
				CLANG_WARN_INFINITE_RECURSION = YES;
				CLANG_WARN_INT_CONVERSION = YES;
				CLANG_WARN_NON_LITERAL_NULL_CONVERSION = YES;
				CLANG_WARN_OBJC_IMPLICIT_RETAIN_SELF = YES;
				CLANG_WARN_OBJC_LITERAL_CONVERSION = YES;
				CLANG_WARN_OBJC_ROOT_CLASS = YES_ERROR;
				CLANG_WARN_RANGE_LOOP_ANALYSIS = YES;
				CLANG_WARN_STRICT_PROTOTYPES = YES;
				CLANG_WARN_SUSPICIOUS_MOVE = YES;
				CLANG_WARN_UNGUARDED_AVAILABILITY = YES_AGGRESSIVE;
				CLANG_WARN_UNREACHABLE_CODE = YES;
				CLANG_WARN__DUPLICATE_METHOD_MATCH = YES;
				CODE_SIGN_IDENTITY = "iPhone Developer";
				COPY_PHASE_STRIP = NO;
				DEBUG_INFORMATION_FORMAT = dwarf;
				ENABLE_STRICT_OBJC_MSGSEND = YES;
				ENABLE_TESTABILITY = YES;
				GCC_C_LANGUAGE_STANDARD = gnu11;
				GCC_DYNAMIC_NO_PIC = NO;
				GCC_NO_COMMON_BLOCKS = YES;
				GCC_OPTIMIZATION_LEVEL = 0;
				GCC_PREPROCESSOR_DEFINITIONS = (
					"DEBUG=1",
					"$(inherited)",
				);
				GCC_WARN_64_TO_32_BIT_CONVERSION = YES;
				GCC_WARN_ABOUT_RETURN_TYPE = YES_ERROR;
				GCC_WARN_UNDECLARED_SELECTOR = YES;
				GCC_WARN_UNINITIALIZED_AUTOS = YES_AGGRESSIVE;
				GCC_WARN_UNUSED_FUNCTION = YES;
				GCC_WARN_UNUSED_VARIABLE = YES;
				IPHONEOS_DEPLOYMENT_TARGET = 11.4;
				MTL_ENABLE_DEBUG_INFO = YES;
				ONLY_ACTIVE_ARCH = YES;
				SDKROOT = iphoneos;
				SWIFT_ACTIVE_COMPILATION_CONDITIONS = DEBUG;
				SWIFT_OPTIMIZATION_LEVEL = "-Onone";
			};
			name = Debug;
		};
		165B9F9C2145821E0006ACC8 /* Release */ = {
			isa = XCBuildConfiguration;
			buildSettings = {
				ALWAYS_SEARCH_USER_PATHS = NO;
				CLANG_ANALYZER_NONNULL = YES;
				CLANG_ANALYZER_NUMBER_OBJECT_CONVERSION = YES_AGGRESSIVE;
				CLANG_CXX_LANGUAGE_STANDARD = "gnu++14";
				CLANG_CXX_LIBRARY = "libc++";
				CLANG_ENABLE_MODULES = YES;
				CLANG_ENABLE_OBJC_ARC = YES;
				CLANG_ENABLE_OBJC_WEAK = YES;
				CLANG_WARN_BLOCK_CAPTURE_AUTORELEASING = YES;
				CLANG_WARN_BOOL_CONVERSION = YES;
				CLANG_WARN_COMMA = YES;
				CLANG_WARN_CONSTANT_CONVERSION = YES;
				CLANG_WARN_DEPRECATED_OBJC_IMPLEMENTATIONS = YES;
				CLANG_WARN_DIRECT_OBJC_ISA_USAGE = YES_ERROR;
				CLANG_WARN_DOCUMENTATION_COMMENTS = YES;
				CLANG_WARN_EMPTY_BODY = YES;
				CLANG_WARN_ENUM_CONVERSION = YES;
				CLANG_WARN_INFINITE_RECURSION = YES;
				CLANG_WARN_INT_CONVERSION = YES;
				CLANG_WARN_NON_LITERAL_NULL_CONVERSION = YES;
				CLANG_WARN_OBJC_IMPLICIT_RETAIN_SELF = YES;
				CLANG_WARN_OBJC_LITERAL_CONVERSION = YES;
				CLANG_WARN_OBJC_ROOT_CLASS = YES_ERROR;
				CLANG_WARN_RANGE_LOOP_ANALYSIS = YES;
				CLANG_WARN_STRICT_PROTOTYPES = YES;
				CLANG_WARN_SUSPICIOUS_MOVE = YES;
				CLANG_WARN_UNGUARDED_AVAILABILITY = YES_AGGRESSIVE;
				CLANG_WARN_UNREACHABLE_CODE = YES;
				CLANG_WARN__DUPLICATE_METHOD_MATCH = YES;
				CODE_SIGN_IDENTITY = "iPhone Developer";
				COPY_PHASE_STRIP = NO;
				DEBUG_INFORMATION_FORMAT = "dwarf-with-dsym";
				ENABLE_NS_ASSERTIONS = NO;
				ENABLE_STRICT_OBJC_MSGSEND = YES;
				GCC_C_LANGUAGE_STANDARD = gnu11;
				GCC_NO_COMMON_BLOCKS = YES;
				GCC_WARN_64_TO_32_BIT_CONVERSION = YES;
				GCC_WARN_ABOUT_RETURN_TYPE = YES_ERROR;
				GCC_WARN_UNDECLARED_SELECTOR = YES;
				GCC_WARN_UNINITIALIZED_AUTOS = YES_AGGRESSIVE;
				GCC_WARN_UNUSED_FUNCTION = YES;
				GCC_WARN_UNUSED_VARIABLE = YES;
				IPHONEOS_DEPLOYMENT_TARGET = 11.4;
				MTL_ENABLE_DEBUG_INFO = NO;
				SDKROOT = iphoneos;
				SWIFT_COMPILATION_MODE = wholemodule;
				SWIFT_OPTIMIZATION_LEVEL = "-O";
				VALIDATE_PRODUCT = YES;
			};
			name = Release;
		};
		165B9F9E2145821E0006ACC8 /* Debug */ = {
			isa = XCBuildConfiguration;
			buildSettings = {
				ASSETCATALOG_COMPILER_APPICON_NAME = AppIcon;
				CODE_SIGN_STYLE = Automatic;
				DEVELOPMENT_TEAM = XN294VVZ35;
				INFOPLIST_FILE = Tut_tfIcon/Info.plist;
				LD_RUNPATH_SEARCH_PATHS = (
					"$(inherited)",
					"@executable_path/Frameworks",
				);
				PRODUCT_BUNDLE_IDENTIFIER = "com.erayalparslan.Tut-tfIcon";
				PRODUCT_NAME = "$(TARGET_NAME)";
				SWIFT_VERSION = 4.0;
				TARGETED_DEVICE_FAMILY = "1,2";
			};
			name = Debug;
		};
		165B9F9F2145821E0006ACC8 /* Release */ = {
			isa = XCBuildConfiguration;
			buildSettings = {
				ASSETCATALOG_COMPILER_APPICON_NAME = AppIcon;
				CODE_SIGN_STYLE = Automatic;
				DEVELOPMENT_TEAM = XN294VVZ35;
				INFOPLIST_FILE = Tut_tfIcon/Info.plist;
				LD_RUNPATH_SEARCH_PATHS = (
					"$(inherited)",
					"@executable_path/Frameworks",
				);
				PRODUCT_BUNDLE_IDENTIFIER = "com.erayalparslan.Tut-tfIcon";
				PRODUCT_NAME = "$(TARGET_NAME)";
				SWIFT_VERSION = 4.0;
				TARGETED_DEVICE_FAMILY = "1,2";
			};
			name = Release;
		};
/* End XCBuildConfiguration section */

/* Begin XCConfigurationList section */
		165B9F832145821D0006ACC8 /* Build configuration list for PBXProject "Tut_tfIcon" */ = {
			isa = XCConfigurationList;
			buildConfigurations = (
				165B9F9B2145821E0006ACC8 /* Debug */,
				165B9F9C2145821E0006ACC8 /* Release */,
			);
			defaultConfigurationIsVisible = 0;
			defaultConfigurationName = Release;
		};
		165B9F9D2145821E0006ACC8 /* Build configuration list for PBXNativeTarget "Tut_tfIcon" */ = {
			isa = XCConfigurationList;
			buildConfigurations = (
				165B9F9E2145821E0006ACC8 /* Debug */,
				165B9F9F2145821E0006ACC8 /* Release */,
			);
			defaultConfigurationIsVisible = 0;
			defaultConfigurationName = Release;
		};
/* End XCConfigurationList section */

/* Begin XCVersionGroup section */
		165B9F922145821D0006ACC8 /* Tut_tfIcon.xcdatamodeld */ = {
			isa = XCVersionGroup;
			children = (
				165B9F932145821D0006ACC8 /* Tut_tfIcon.xcdatamodel */,
			);
			currentVersion = 165B9F932145821D0006ACC8 /* Tut_tfIcon.xcdatamodel */;
			path = Tut_tfIcon.xcdatamodeld;
			sourceTree = "<group>";
			versionGroupType = wrapper.xcdatamodel;
		};
/* End XCVersionGroup section */
	};
	rootObject = 165B9F802145821D0006ACC8 /* Project object */;
}
